
Microsoft Visual Studio Solution File, Format Version 12.00
Project("{FAE04EC0-301F-11D3-BF4B-00C04F79EFBC}") = "MadWorld.Backend.API", "MadWorld.Backend.API\MadWorld.Backend.API.csproj", "{90092A5F-7D1D-4DC3-8958-9FFB2D26A304}"
EndProject
Project("{2150E333-8FDC-42A3-9474-1A3956D46DE8}") = "Source", "Source", "{858F32A4-7092-459E-A31A-B4BF9254909C}"
EndProject
Project("{2150E333-8FDC-42A3-9474-1A3956D46DE8}") = "Tests", "Tests", "{77370D3D-4A77-4414-ADD5-D80BFB1B2944}"
EndProject
Project("{2150E333-8FDC-42A3-9474-1A3956D46DE8}") = "Documentation", "Documentation", "{4E06A55D-A51F-4A73-BA1B-9808E926A140}"
	ProjectSection(SolutionItems) = preProject
		..\Documentation\Database.md = ..\Documentation\Database.md
		..\Documentation\InstallGuide.md = ..\Documentation\InstallGuide.md
		..\Documentation\Links.md = ..\Documentation\Links.md
		..\Documentation\Microk8s.md = ..\Documentation\Microk8s.md
		..\Documentation\MiniKube.md = ..\Documentation\MiniKube.md
		..\Documentation\Config.md = ..\Documentation\Config.md
		..\Documentation\Update.md = ..\Documentation\Update.md
	EndProjectSection
EndProject
Project("{2150E333-8FDC-42A3-9474-1A3956D46DE8}") = "Solution", "Solution", "{7B3A6ED8-9613-4F88-A788-0B298D4F3076}"
	ProjectSection(SolutionItems) = preProject
		..\.gitignore = ..\.gitignore
		..\LICENSE = ..\LICENSE
		..\README.md = ..\README.md
		Directory.Packages.props = Directory.Packages.props
		Directory.Build.props = Directory.Build.props
	EndProjectSection
EndProject
Project("{2150E333-8FDC-42A3-9474-1A3956D46DE8}") = "Deployments", "Deployments", "{3B624B8F-4CB5-4CF4-B3BD-2D9C6333091A}"
EndProject
Project("{2150E333-8FDC-42A3-9474-1A3956D46DE8}") = "Kubernetes", "Kubernetes", "{9CF73880-0C45-42FC-90FB-2867E6D1B5A4}"
EndProject
Project("{2150E333-8FDC-42A3-9474-1A3956D46DE8}") = "Internal", "Internal", "{7385B179-B9DB-463F-A14E-DB55829C1708}"
	ProjectSection(SolutionItems) = preProject
		Deployments\Kubernetes\Internal\Api-Deployment.yaml = Deployments\Kubernetes\Internal\Api-Deployment.yaml
		Deployments\Kubernetes\Internal\UI-Deployment.yaml = Deployments\Kubernetes\Internal\UI-Deployment.yaml
		Deployments\Kubernetes\Internal\Admin-Deployment.yaml = Deployments\Kubernetes\Internal\Admin-Deployment.yaml
		Deployments\Kubernetes\Internal\Identity-Deployment.yaml = Deployments\Kubernetes\Internal\Identity-Deployment.yaml
		Deployments\Kubernetes\Internal\ShipSimulator-Backend-Deployment.yaml = Deployments\Kubernetes\Internal\ShipSimulator-Backend-Deployment.yaml
		Deployments\Kubernetes\Internal\ShipSimulator-Frontend-Deployment.yaml = Deployments\Kubernetes\Internal\ShipSimulator-Frontend-Deployment.yaml
	EndProjectSection
EndProject
Project("{2150E333-8FDC-42A3-9474-1A3956D46DE8}") = "Environment", "Environment", "{48BCE473-AA74-4127-BAA4-8C8238B6085E}"
	ProjectSection(SolutionItems) = preProject
		Deployments\Kubernetes\Environment\Config.yaml = Deployments\Kubernetes\Environment\Config.yaml
		Deployments\Kubernetes\Environment\Ingress-Deployment-Local.yaml = Deployments\Kubernetes\Environment\Ingress-Deployment-Local.yaml
		Deployments\Kubernetes\Environment\Ingress-Deployment-Prod.yaml = Deployments\Kubernetes\Environment\Ingress-Deployment-Prod.yaml
	EndProjectSection
EndProject
Project("{2150E333-8FDC-42A3-9474-1A3956D46DE8}") = "Scripts", "Scripts", "{564D932A-A4FD-4527-99C1-A058041865BC}"
	ProjectSection(SolutionItems) = preProject
		Deployments\Scripts\local-refresh-pods.sh = Deployments\Scripts\local-refresh-pods.sh
		Deployments\Scripts\prod-refresh-pods.sh = Deployments\Scripts\prod-refresh-pods.sh
		Deployments\Scripts\local-deploy-kubernetes.sh = Deployments\Scripts\local-deploy-kubernetes.sh
		Deployments\Scripts\prod-deploy-kubernetes.sh = Deployments\Scripts\prod-deploy-kubernetes.sh
		Deployments\Scripts\local-build.sh = Deployments\Scripts\local-build.sh
		Deployments\Scripts\prod-build.sh = Deployments\Scripts\prod-build.sh
	EndProjectSection
EndProject
Project("{FAE04EC0-301F-11D3-BF4B-00C04F79EFBC}") = "MadWorld.Frontend.UI", "MadWorld.Frontend.UI\MadWorld.Frontend.UI.csproj", "{2DA8D0F9-4DDE-4351-93EA-32987BB833F3}"
EndProject
Project("{FAE04EC0-301F-11D3-BF4B-00C04F79EFBC}") = "MadWorld.Frontend.Admin", "MadWorld.Frontend.Admin\MadWorld.Frontend.Admin.csproj", "{472DF471-3F5E-4BA5-B7EB-41862554FC19}"
EndProject
Project("{2150E333-8FDC-42A3-9474-1A3956D46DE8}") = "External", "External", "{8C746908-3C5D-4B25-AE23-F2BC2D546E1A}"
	ProjectSection(SolutionItems) = preProject
		Deployments\Kubernetes\External\Postgres-Deployment.yaml = Deployments\Kubernetes\External\Postgres-Deployment.yaml
		Deployments\Kubernetes\External\Seq-Deployment.yaml = Deployments\Kubernetes\External\Seq-Deployment.yaml
	EndProjectSection
EndProject
Project("{FAE04EC0-301F-11D3-BF4B-00C04F79EFBC}") = "MadWorld.Backend.Domain", "MadWorld.Backend.Domain\MadWorld.Backend.Domain.csproj", "{E2AF8AEE-308C-4E98-B6D3-8E395729ECEA}"
EndProject
Project("{FAE04EC0-301F-11D3-BF4B-00C04F79EFBC}") = "MadWorld.Backend.Application", "MadWorld.Backend.Application\MadWorld.Backend.Application.csproj", "{C8F1FFA3-3CFA-4502-8946-DABD72095DAC}"
EndProject
Project("{FAE04EC0-301F-11D3-BF4B-00C04F79EFBC}") = "MadWorld.Backend.Infrastructure", "MadWorld.Backend.Infrastructure\MadWorld.Backend.Infrastructure.csproj", "{F98E495F-4A0E-4C8A-8BB4-23CFC25629E5}"
EndProject
Project("{FAE04EC0-301F-11D3-BF4B-00C04F79EFBC}") = "MadWorld.Shared.Contracts", "MadWorld.Shared.Contracts\MadWorld.Shared.Contracts.csproj", "{ED878E64-A544-43DA-B44F-C7DFBAEE84B3}"
EndProject
Project("{FAE04EC0-301F-11D3-BF4B-00C04F79EFBC}") = "MadWorld.Backend.Unittests", "MadWorld.Backend.Unittests\MadWorld.Backend.Unittests.csproj", "{81AE9E7F-5645-47EF-9180-0EEEFCC4F631}"
EndProject
Project("{FAE04EC0-301F-11D3-BF4B-00C04F79EFBC}") = "MadWorld.Backend.IntegrationTests", "MadWorld.Backend.IntegrationTests\MadWorld.Backend.IntegrationTests.csproj", "{AE241495-17D3-41BA-ADFE-8F6654D84966}"
EndProject
Project("{FAE04EC0-301F-11D3-BF4B-00C04F79EFBC}") = "MadWorld.Backend.Identity", "MadWorld.Backend.Identity\MadWorld.Backend.Identity.csproj", "{4F865CD5-89EE-4F7E-8073-BCC1A981A0B9}"
EndProject
Project("{2150E333-8FDC-42A3-9474-1A3956D46DE8}") = "Secrets", "Secrets", "{DBD70294-9427-4DF7-9DDF-9960AA468682}"
	ProjectSection(SolutionItems) = preProject
		Deployments\Kubernetes\Environment\Secrets\Secrets-Local.yaml = Deployments\Kubernetes\Environment\Secrets\Secrets-Local.yaml
		Deployments\Kubernetes\Environment\Secrets\Secrets-Prod-Example.yaml = Deployments\Kubernetes\Environment\Secrets\Secrets-Prod-Example.yaml
	EndProjectSection
EndProject
Project("{FAE04EC0-301F-11D3-BF4B-00C04F79EFBC}") = "MadWorld.ShipSimulator.API", "MadWorld.ShipSimulator.API\MadWorld.ShipSimulator.API.csproj", "{66AE19B1-B036-4C65-AA59-707A17D99A5B}"
EndProject
Project("{FAE04EC0-301F-11D3-BF4B-00C04F79EFBC}") = "MadWorld.ShipSimulator.UI", "MadWorld.ShipSimulator.UI\MadWorld.ShipSimulator.UI.csproj", "{86F9613C-BD43-4E7A-8600-0F100AA4C489}"
EndProject
Project("{2150E333-8FDC-42A3-9474-1A3956D46DE8}") = "ShipSimulator", "ShipSimulator", "{B1C92288-5FED-438C-8812-FDE12344DD19}"
EndProject
Project("{2150E333-8FDC-42A3-9474-1A3956D46DE8}") = "PresentationApp", "PresentationApp", "{B33450E1-4B0C-4681-BA87-6EF06C0686E3}"
EndProject
Project("{FAE04EC0-301F-11D3-BF4B-00C04F79EFBC}") = "MadWorld.ShipSimulator.Application", "MadWorld.ShipSimulator.Application\MadWorld.ShipSimulator.Application.csproj", "{718AE1F4-C115-4F60-B20F-3B3798A1C30A}"
EndProject
Project("{FAE04EC0-301F-11D3-BF4B-00C04F79EFBC}") = "MadWorld.ShipSimulator.Domain", "MadWorld.ShipSimulator.Domain\MadWorld.ShipSimulator.Domain.csproj", "{2285DDA5-2E58-43E0-9CFF-1B2EF3AD4C1A}"
EndProject
Project("{FAE04EC0-301F-11D3-BF4B-00C04F79EFBC}") = "MadWorld.ShipSimulator.Infrastructure", "MadWorld.ShipSimulator.Infrastructure\MadWorld.ShipSimulator.Infrastructure.csproj", "{F00B6064-FEF4-428C-8DEF-90E13FCCDFF3}"
EndProject
Project("{FAE04EC0-301F-11D3-BF4B-00C04F79EFBC}") = "MadWorld.ShipSimulator.Contracts", "MadWorld.ShipSimulator.Contracts\MadWorld.ShipSimulator.Contracts.csproj", "{739B4367-E562-4F59-BF20-F138250A3C15}"
EndProject
Project("{FAE04EC0-301F-11D3-BF4B-00C04F79EFBC}") = "MadWorld.Shared.Infrastructure", "MadWorld.Shared.Infrastructure\MadWorld.Shared.Infrastructure.csproj", "{62F4349E-47E8-4B4E-93EC-99C021AE9374}"
EndProject
Project("{2150E333-8FDC-42A3-9474-1A3956D46DE8}") = "Shared", "Shared", "{18A08617-AF92-4B8B-986E-C7226904D7E2}"
EndProject
Project("{FAE04EC0-301F-11D3-BF4B-00C04F79EFBC}") = "MadWorld.Shared.Blazor", "MadWorld.Shared.Blazor\MadWorld.Shared.Blazor.csproj", "{DA01CBCF-C177-42BC-B9CB-2AA8BB6AF0B0}"
EndProject
Project("{2150E333-8FDC-42A3-9474-1A3956D46DE8}") = "GithubActions", "GithubActions", "{CF382674-8071-4F0B-8A36-C2FFD1063758}"
	ProjectSection(SolutionItems) = preProject
		..\.github\workflows\docker-builds.yml = ..\.github\workflows\docker-builds.yml
		..\.github\workflows\sonarqube.yml = ..\.github\workflows\sonarqube.yml
	EndProjectSection
EndProject
Project("{FAE04EC0-301F-11D3-BF4B-00C04F79EFBC}") = "MadWorld.Backend.Identity.Contracts", "MadWorld.Backend.Identity.Contracts\MadWorld.Backend.Identity.Contracts.csproj", "{AA4535D1-335E-4748-AD8B-A00BF0336D84}"
EndProject
Project("{FAE04EC0-301F-11D3-BF4B-00C04F79EFBC}") = "MadWorld.PlayTown", "MadWorld.PlayTown\MadWorld.PlayTown.csproj", "{04398A38-BEB3-4002-B842-26267C3F5A3F}"
EndProject
Project("{FAE04EC0-301F-11D3-BF4B-00C04F79EFBC}") = "MadWorld.Shared.Common", "MadWorld.Shared.Common\MadWorld.Shared.Common.csproj", "{E8DBE812-CF80-49EE-A2AB-9CFF88FA4CC1}"
EndProject
Project("{2150E333-8FDC-42A3-9474-1A3956D46DE8}") = "Templates", "Templates", "{D78FC488-6C3A-4699-AFB1-85D64518C6D3}"
	ProjectSection(SolutionItems) = preProject
		..\.github\ISSUE_TEMPLATE\bug_report.md = ..\.github\ISSUE_TEMPLATE\bug_report.md
		..\.github\ISSUE_TEMPLATE\feature_request.md = ..\.github\ISSUE_TEMPLATE\feature_request.md
	EndProjectSection
EndProject
Project("{FAE04EC0-301F-11D3-BF4B-00C04F79EFBC}") = "MadWorld.Backend.ArchitectureTests", "MadWorld.Backend.ArchitectureTests\MadWorld.Backend.ArchitectureTests.csproj", "{BA0B023C-0718-4837-AE4D-A915DA54250B}"
EndProject
Global
	GlobalSection(SolutionConfigurationPlatforms) = preSolution
		Debug|Any CPU = Debug|Any CPU
		Release|Any CPU = Release|Any CPU
	EndGlobalSection
	GlobalSection(ProjectConfigurationPlatforms) = postSolution
		{90092A5F-7D1D-4DC3-8958-9FFB2D26A304}.Debug|Any CPU.ActiveCfg = Debug|Any CPU
		{90092A5F-7D1D-4DC3-8958-9FFB2D26A304}.Debug|Any CPU.Build.0 = Debug|Any CPU
		{90092A5F-7D1D-4DC3-8958-9FFB2D26A304}.Release|Any CPU.ActiveCfg = Release|Any CPU
		{90092A5F-7D1D-4DC3-8958-9FFB2D26A304}.Release|Any CPU.Build.0 = Release|Any CPU
		{2DA8D0F9-4DDE-4351-93EA-32987BB833F3}.Debug|Any CPU.ActiveCfg = Debug|Any CPU
		{2DA8D0F9-4DDE-4351-93EA-32987BB833F3}.Debug|Any CPU.Build.0 = Debug|Any CPU
		{2DA8D0F9-4DDE-4351-93EA-32987BB833F3}.Release|Any CPU.ActiveCfg = Release|Any CPU
		{2DA8D0F9-4DDE-4351-93EA-32987BB833F3}.Release|Any CPU.Build.0 = Release|Any CPU
		{472DF471-3F5E-4BA5-B7EB-41862554FC19}.Debug|Any CPU.ActiveCfg = Debug|Any CPU
		{472DF471-3F5E-4BA5-B7EB-41862554FC19}.Debug|Any CPU.Build.0 = Debug|Any CPU
		{472DF471-3F5E-4BA5-B7EB-41862554FC19}.Release|Any CPU.ActiveCfg = Release|Any CPU
		{472DF471-3F5E-4BA5-B7EB-41862554FC19}.Release|Any CPU.Build.0 = Release|Any CPU
		{E2AF8AEE-308C-4E98-B6D3-8E395729ECEA}.Debug|Any CPU.ActiveCfg = Debug|Any CPU
		{E2AF8AEE-308C-4E98-B6D3-8E395729ECEA}.Debug|Any CPU.Build.0 = Debug|Any CPU
		{E2AF8AEE-308C-4E98-B6D3-8E395729ECEA}.Release|Any CPU.ActiveCfg = Release|Any CPU
		{E2AF8AEE-308C-4E98-B6D3-8E395729ECEA}.Release|Any CPU.Build.0 = Release|Any CPU
		{C8F1FFA3-3CFA-4502-8946-DABD72095DAC}.Debug|Any CPU.ActiveCfg = Debug|Any CPU
		{C8F1FFA3-3CFA-4502-8946-DABD72095DAC}.Debug|Any CPU.Build.0 = Debug|Any CPU
		{C8F1FFA3-3CFA-4502-8946-DABD72095DAC}.Release|Any CPU.ActiveCfg = Release|Any CPU
		{C8F1FFA3-3CFA-4502-8946-DABD72095DAC}.Release|Any CPU.Build.0 = Release|Any CPU
		{F98E495F-4A0E-4C8A-8BB4-23CFC25629E5}.Debug|Any CPU.ActiveCfg = Debug|Any CPU
		{F98E495F-4A0E-4C8A-8BB4-23CFC25629E5}.Debug|Any CPU.Build.0 = Debug|Any CPU
		{F98E495F-4A0E-4C8A-8BB4-23CFC25629E5}.Release|Any CPU.ActiveCfg = Release|Any CPU
		{F98E495F-4A0E-4C8A-8BB4-23CFC25629E5}.Release|Any CPU.Build.0 = Release|Any CPU
		{ED878E64-A544-43DA-B44F-C7DFBAEE84B3}.Debug|Any CPU.ActiveCfg = Debug|Any CPU
		{ED878E64-A544-43DA-B44F-C7DFBAEE84B3}.Debug|Any CPU.Build.0 = Debug|Any CPU
		{ED878E64-A544-43DA-B44F-C7DFBAEE84B3}.Release|Any CPU.ActiveCfg = Release|Any CPU
		{ED878E64-A544-43DA-B44F-C7DFBAEE84B3}.Release|Any CPU.Build.0 = Release|Any CPU
		{81AE9E7F-5645-47EF-9180-0EEEFCC4F631}.Debug|Any CPU.ActiveCfg = Debug|Any CPU
		{81AE9E7F-5645-47EF-9180-0EEEFCC4F631}.Debug|Any CPU.Build.0 = Debug|Any CPU
		{81AE9E7F-5645-47EF-9180-0EEEFCC4F631}.Release|Any CPU.ActiveCfg = Release|Any CPU
		{81AE9E7F-5645-47EF-9180-0EEEFCC4F631}.Release|Any CPU.Build.0 = Release|Any CPU
		{AE241495-17D3-41BA-ADFE-8F6654D84966}.Debug|Any CPU.ActiveCfg = Debug|Any CPU
		{AE241495-17D3-41BA-ADFE-8F6654D84966}.Debug|Any CPU.Build.0 = Debug|Any CPU
		{AE241495-17D3-41BA-ADFE-8F6654D84966}.Release|Any CPU.ActiveCfg = Release|Any CPU
		{AE241495-17D3-41BA-ADFE-8F6654D84966}.Release|Any CPU.Build.0 = Release|Any CPU
		{4F865CD5-89EE-4F7E-8073-BCC1A981A0B9}.Debug|Any CPU.ActiveCfg = Debug|Any CPU
		{4F865CD5-89EE-4F7E-8073-BCC1A981A0B9}.Debug|Any CPU.Build.0 = Debug|Any CPU
		{4F865CD5-89EE-4F7E-8073-BCC1A981A0B9}.Release|Any CPU.ActiveCfg = Release|Any CPU
		{4F865CD5-89EE-4F7E-8073-BCC1A981A0B9}.Release|Any CPU.Build.0 = Release|Any CPU
		{66AE19B1-B036-4C65-AA59-707A17D99A5B}.Debug|Any CPU.ActiveCfg = Debug|Any CPU
		{66AE19B1-B036-4C65-AA59-707A17D99A5B}.Debug|Any CPU.Build.0 = Debug|Any CPU
		{66AE19B1-B036-4C65-AA59-707A17D99A5B}.Release|Any CPU.ActiveCfg = Release|Any CPU
		{66AE19B1-B036-4C65-AA59-707A17D99A5B}.Release|Any CPU.Build.0 = Release|Any CPU
		{86F9613C-BD43-4E7A-8600-0F100AA4C489}.Debug|Any CPU.ActiveCfg = Debug|Any CPU
		{86F9613C-BD43-4E7A-8600-0F100AA4C489}.Debug|Any CPU.Build.0 = Debug|Any CPU
		{86F9613C-BD43-4E7A-8600-0F100AA4C489}.Release|Any CPU.ActiveCfg = Release|Any CPU
		{86F9613C-BD43-4E7A-8600-0F100AA4C489}.Release|Any CPU.Build.0 = Release|Any CPU
		{718AE1F4-C115-4F60-B20F-3B3798A1C30A}.Debug|Any CPU.ActiveCfg = Debug|Any CPU
		{718AE1F4-C115-4F60-B20F-3B3798A1C30A}.Debug|Any CPU.Build.0 = Debug|Any CPU
		{718AE1F4-C115-4F60-B20F-3B3798A1C30A}.Release|Any CPU.ActiveCfg = Release|Any CPU
		{718AE1F4-C115-4F60-B20F-3B3798A1C30A}.Release|Any CPU.Build.0 = Release|Any CPU
		{2285DDA5-2E58-43E0-9CFF-1B2EF3AD4C1A}.Debug|Any CPU.ActiveCfg = Debug|Any CPU
		{2285DDA5-2E58-43E0-9CFF-1B2EF3AD4C1A}.Debug|Any CPU.Build.0 = Debug|Any CPU
		{2285DDA5-2E58-43E0-9CFF-1B2EF3AD4C1A}.Release|Any CPU.ActiveCfg = Release|Any CPU
		{2285DDA5-2E58-43E0-9CFF-1B2EF3AD4C1A}.Release|Any CPU.Build.0 = Release|Any CPU
		{F00B6064-FEF4-428C-8DEF-90E13FCCDFF3}.Debug|Any CPU.ActiveCfg = Debug|Any CPU
		{F00B6064-FEF4-428C-8DEF-90E13FCCDFF3}.Debug|Any CPU.Build.0 = Debug|Any CPU
		{F00B6064-FEF4-428C-8DEF-90E13FCCDFF3}.Release|Any CPU.ActiveCfg = Release|Any CPU
		{F00B6064-FEF4-428C-8DEF-90E13FCCDFF3}.Release|Any CPU.Build.0 = Release|Any CPU
		{739B4367-E562-4F59-BF20-F138250A3C15}.Debug|Any CPU.ActiveCfg = Debug|Any CPU
		{739B4367-E562-4F59-BF20-F138250A3C15}.Debug|Any CPU.Build.0 = Debug|Any CPU
		{739B4367-E562-4F59-BF20-F138250A3C15}.Release|Any CPU.ActiveCfg = Release|Any CPU
		{739B4367-E562-4F59-BF20-F138250A3C15}.Release|Any CPU.Build.0 = Release|Any CPU
		{62F4349E-47E8-4B4E-93EC-99C021AE9374}.Debug|Any CPU.ActiveCfg = Debug|Any CPU
		{62F4349E-47E8-4B4E-93EC-99C021AE9374}.Debug|Any CPU.Build.0 = Debug|Any CPU
		{62F4349E-47E8-4B4E-93EC-99C021AE9374}.Release|Any CPU.ActiveCfg = Release|Any CPU
		{62F4349E-47E8-4B4E-93EC-99C021AE9374}.Release|Any CPU.Build.0 = Release|Any CPU
		{DA01CBCF-C177-42BC-B9CB-2AA8BB6AF0B0}.Debug|Any CPU.ActiveCfg = Debug|Any CPU
		{DA01CBCF-C177-42BC-B9CB-2AA8BB6AF0B0}.Debug|Any CPU.Build.0 = Debug|Any CPU
		{DA01CBCF-C177-42BC-B9CB-2AA8BB6AF0B0}.Release|Any CPU.ActiveCfg = Release|Any CPU
		{DA01CBCF-C177-42BC-B9CB-2AA8BB6AF0B0}.Release|Any CPU.Build.0 = Release|Any CPU
		{AA4535D1-335E-4748-AD8B-A00BF0336D84}.Debug|Any CPU.ActiveCfg = Debug|Any CPU
		{AA4535D1-335E-4748-AD8B-A00BF0336D84}.Debug|Any CPU.Build.0 = Debug|Any CPU
		{AA4535D1-335E-4748-AD8B-A00BF0336D84}.Release|Any CPU.ActiveCfg = Release|Any CPU
		{AA4535D1-335E-4748-AD8B-A00BF0336D84}.Release|Any CPU.Build.0 = Release|Any CPU
		{04398A38-BEB3-4002-B842-26267C3F5A3F}.Debug|Any CPU.ActiveCfg = Debug|Any CPU
		{04398A38-BEB3-4002-B842-26267C3F5A3F}.Debug|Any CPU.Build.0 = Debug|Any CPU
		{04398A38-BEB3-4002-B842-26267C3F5A3F}.Release|Any CPU.ActiveCfg = Release|Any CPU
		{04398A38-BEB3-4002-B842-26267C3F5A3F}.Release|Any CPU.Build.0 = Release|Any CPU
		{E8DBE812-CF80-49EE-A2AB-9CFF88FA4CC1}.Debug|Any CPU.ActiveCfg = Debug|Any CPU
		{E8DBE812-CF80-49EE-A2AB-9CFF88FA4CC1}.Debug|Any CPU.Build.0 = Debug|Any CPU
		{E8DBE812-CF80-49EE-A2AB-9CFF88FA4CC1}.Release|Any CPU.ActiveCfg = Release|Any CPU
		{E8DBE812-CF80-49EE-A2AB-9CFF88FA4CC1}.Release|Any CPU.Build.0 = Release|Any CPU
		{BA0B023C-0718-4837-AE4D-A915DA54250B}.Debug|Any CPU.ActiveCfg = Debug|Any CPU
		{BA0B023C-0718-4837-AE4D-A915DA54250B}.Debug|Any CPU.Build.0 = Debug|Any CPU
		{BA0B023C-0718-4837-AE4D-A915DA54250B}.Release|Any CPU.ActiveCfg = Release|Any CPU
		{BA0B023C-0718-4837-AE4D-A915DA54250B}.Release|Any CPU.Build.0 = Release|Any CPU
	EndGlobalSection
	GlobalSection(NestedProjects) = preSolution
		{9CF73880-0C45-42FC-90FB-2867E6D1B5A4} = {3B624B8F-4CB5-4CF4-B3BD-2D9C6333091A}
		{7385B179-B9DB-463F-A14E-DB55829C1708} = {9CF73880-0C45-42FC-90FB-2867E6D1B5A4}
		{48BCE473-AA74-4127-BAA4-8C8238B6085E} = {9CF73880-0C45-42FC-90FB-2867E6D1B5A4}
		{564D932A-A4FD-4527-99C1-A058041865BC} = {3B624B8F-4CB5-4CF4-B3BD-2D9C6333091A}
		{8C746908-3C5D-4B25-AE23-F2BC2D546E1A} = {9CF73880-0C45-42FC-90FB-2867E6D1B5A4}
		{81AE9E7F-5645-47EF-9180-0EEEFCC4F631} = {77370D3D-4A77-4414-ADD5-D80BFB1B2944}
		{AE241495-17D3-41BA-ADFE-8F6654D84966} = {77370D3D-4A77-4414-ADD5-D80BFB1B2944}
		{DBD70294-9427-4DF7-9DDF-9960AA468682} = {48BCE473-AA74-4127-BAA4-8C8238B6085E}
		{B1C92288-5FED-438C-8812-FDE12344DD19} = {858F32A4-7092-459E-A31A-B4BF9254909C}
		{66AE19B1-B036-4C65-AA59-707A17D99A5B} = {B1C92288-5FED-438C-8812-FDE12344DD19}
		{86F9613C-BD43-4E7A-8600-0F100AA4C489} = {B1C92288-5FED-438C-8812-FDE12344DD19}
		{B33450E1-4B0C-4681-BA87-6EF06C0686E3} = {858F32A4-7092-459E-A31A-B4BF9254909C}
		{90092A5F-7D1D-4DC3-8958-9FFB2D26A304} = {B33450E1-4B0C-4681-BA87-6EF06C0686E3}
		{C8F1FFA3-3CFA-4502-8946-DABD72095DAC} = {B33450E1-4B0C-4681-BA87-6EF06C0686E3}
		{E2AF8AEE-308C-4E98-B6D3-8E395729ECEA} = {B33450E1-4B0C-4681-BA87-6EF06C0686E3}
		{F98E495F-4A0E-4C8A-8BB4-23CFC25629E5} = {B33450E1-4B0C-4681-BA87-6EF06C0686E3}
		{2DA8D0F9-4DDE-4351-93EA-32987BB833F3} = {B33450E1-4B0C-4681-BA87-6EF06C0686E3}
		{ED878E64-A544-43DA-B44F-C7DFBAEE84B3} = {B33450E1-4B0C-4681-BA87-6EF06C0686E3}
		{718AE1F4-C115-4F60-B20F-3B3798A1C30A} = {B1C92288-5FED-438C-8812-FDE12344DD19}
		{2285DDA5-2E58-43E0-9CFF-1B2EF3AD4C1A} = {B1C92288-5FED-438C-8812-FDE12344DD19}
		{F00B6064-FEF4-428C-8DEF-90E13FCCDFF3} = {B1C92288-5FED-438C-8812-FDE12344DD19}
		{739B4367-E562-4F59-BF20-F138250A3C15} = {B1C92288-5FED-438C-8812-FDE12344DD19}
		{18A08617-AF92-4B8B-986E-C7226904D7E2} = {858F32A4-7092-459E-A31A-B4BF9254909C}
		{4F865CD5-89EE-4F7E-8073-BCC1A981A0B9} = {18A08617-AF92-4B8B-986E-C7226904D7E2}
		{472DF471-3F5E-4BA5-B7EB-41862554FC19} = {18A08617-AF92-4B8B-986E-C7226904D7E2}
		{62F4349E-47E8-4B4E-93EC-99C021AE9374} = {18A08617-AF92-4B8B-986E-C7226904D7E2}
		{DA01CBCF-C177-42BC-B9CB-2AA8BB6AF0B0} = {18A08617-AF92-4B8B-986E-C7226904D7E2}
		{CF382674-8071-4F0B-8A36-C2FFD1063758} = {3B624B8F-4CB5-4CF4-B3BD-2D9C6333091A}
		{AA4535D1-335E-4748-AD8B-A00BF0336D84} = {18A08617-AF92-4B8B-986E-C7226904D7E2}
		{04398A38-BEB3-4002-B842-26267C3F5A3F} = {77370D3D-4A77-4414-ADD5-D80BFB1B2944}
		{E8DBE812-CF80-49EE-A2AB-9CFF88FA4CC1} = {18A08617-AF92-4B8B-986E-C7226904D7E2}
		{D78FC488-6C3A-4699-AFB1-85D64518C6D3} = {7B3A6ED8-9613-4F88-A788-0B298D4F3076}
		{BA0B023C-0718-4837-AE4D-A915DA54250B} = {77370D3D-4A77-4414-ADD5-D80BFB1B2944}
	EndGlobalSection
EndGlobal
